
Microsoft Visual Studio Solution File, Format Version 12.00
Project("{FAE04EC0-301F-11D3-BF4B-00C04F79EFBC}") = "task3Minefield", "task3Minefield\task3Minefield.csproj", "{417F9608-F29A-46CB-9553-B4C95A52EBF3}"
EndProject
Global
	GlobalSection(SolutionConfigurationPlatforms) = preSolution
		Debug|Any CPU = Debug|Any CPU
		Release|Any CPU = Release|Any CPU
	EndGlobalSection
	GlobalSection(ProjectConfigurationPlatforms) = postSolution
		{417F9608-F29A-46CB-9553-B4C95A52EBF3}.Debug|Any CPU.ActiveCfg = Debug|Any CPU
		{417F9608-F29A-46CB-9553-B4C95A52EBF3}.Debug|Any CPU.Build.0 = Debug|Any CPU
		{417F9608-F29A-46CB-9553-B4C95A52EBF3}.Release|Any CPU.ActiveCfg = Release|Any CPU
		{417F9608-F29A-46CB-9553-B4C95A52EBF3}.Release|Any CPU.Build.0 = Release|Any CPU
	EndGlobalSection
EndGlobal
